
Microsoft Visual Studio Solution File, Format Version 12.00
# Visual Studio Version 17
VisualStudioVersion = 17.10.34928.147
MinimumVisualStudioVersion = 10.0.40219.1
Project("{FAE04EC0-301F-11D3-BF4B-00C04F79EFBC}") = "WebAPI_Project1", "WebAPI_Project1\WebAPI_Project1.csproj", "{9A847107-B09E-461A-975A-041182C7ADA2}"
EndProject
Global
	GlobalSection(SolutionConfigurationPlatforms) = preSolution
		Debug|Any CPU = Debug|Any CPU
		Release|Any CPU = Release|Any CPU
	EndGlobalSection
	GlobalSection(ProjectConfigurationPlatforms) = postSolution
		{9A847107-B09E-461A-975A-041182C7ADA2}.Debug|Any CPU.ActiveCfg = Debug|Any CPU
		{9A847107-B09E-461A-975A-041182C7ADA2}.Debug|Any CPU.Build.0 = Debug|Any CPU
		{9A847107-B09E-461A-975A-041182C7ADA2}.Release|Any CPU.ActiveCfg = Release|Any CPU
		{9A847107-B09E-461A-975A-041182C7ADA2}.Release|Any CPU.Build.0 = Release|Any CPU
	EndGlobalSection
	GlobalSection(SolutionProperties) = preSolution
		HideSolutionNode = FALSE
	EndGlobalSection
	GlobalSection(ExtensibilityGlobals) = postSolution
		SolutionGuid = {8D84E79E-B644-4011-BA10-3C39CD5300E0}
	EndGlobalSection
EndGlobal
